// !$*UTF8*$!
{
	archiveVersion = 1;
	classes = {
	};
	objectVersion = 46;
	objects = {

/* Begin PBXBuildFile section */
		0567666E6D24D90A2D2B3E9D /* Pods.framework in Frameworks */ = {isa = PBXBuildFile; fileRef = 3610A7DA4701EFA8DA5BC08D /* Pods.framework */; settings = {ATTRIBUTES = (Weak, ); }; };
		F55A53931AB69781007AD020 /* TCFrameBorderView.m in Sources */ = {isa = PBXBuildFile; fileRef = F55A53921AB69781007AD020 /* TCFrameBorderView.m */; };
		F58219321AAD48A800357355 /* main.m in Sources */ = {isa = PBXBuildFile; fileRef = F58219311AAD48A800357355 /* main.m */; };
		F58219351AAD48A800357355 /* AppDelegate.m in Sources */ = {isa = PBXBuildFile; fileRef = F58219341AAD48A800357355 /* AppDelegate.m */; };
		F582193D1AAD48A800357355 /* Images.xcassets in Resources */ = {isa = PBXBuildFile; fileRef = F582193C1AAD48A800357355 /* Images.xcassets */; };
		F58219401AAD48A800357355 /* LaunchScreen.xib in Resources */ = {isa = PBXBuildFile; fileRef = F582193E1AAD48A800357355 /* LaunchScreen.xib */; };
		F582194C1AAD48A800357355 /* timecocoTests.m in Sources */ = {isa = PBXBuildFile; fileRef = F582194B1AAD48A800357355 /* timecocoTests.m */; };
		F5BAEC9C1ABBBFBE0062167C /* TCEditorOptionView.m in Sources */ = {isa = PBXBuildFile; fileRef = F5BAEC9B1ABBBFBE0062167C /* TCEditorOptionView.m */; };
		F5D78CFE1B1328BD0006BA8A /* TCDairy+Manager.m in Sources */ = {isa = PBXBuildFile; fileRef = F5D78CFD1B1328BD0006BA8A /* TCDairy+Manager.m */; };
		F5D78D021B132B240006BA8A /* UIView+Frame.m in Sources */ = {isa = PBXBuildFile; fileRef = F5D78D011B132B240006BA8A /* UIView+Frame.m */; };
		F5DA7F9A1B4E61980052F724 /* NotoSansCJKsc-DemiLight.otf in Resources */ = {isa = PBXBuildFile; fileRef = F5DA7F991B4E61980052F724 /* NotoSansCJKsc-DemiLight.otf */; };
		F5E895BE1AB6C41000862723 /* TCUtility.m in Sources */ = {isa = PBXBuildFile; fileRef = F5E895BD1AB6C41000862723 /* TCUtility.m */; };
		FE0387BD1ABE65F1007A3831 /* TCMenuVC.m in Sources */ = {isa = PBXBuildFile; fileRef = FE0387BC1ABE65F1007A3831 /* TCMenuVC.m */; };
		FE1E78231AB51C7A000157B6 /* TCHomepageCell.m in Sources */ = {isa = PBXBuildFile; fileRef = FE1E78211AB51C7A000157B6 /* TCHomepageCell.m */; };
		FE1E78241AB51C7A000157B6 /* TCHomepageCell.xib in Resources */ = {isa = PBXBuildFile; fileRef = FE1E78221AB51C7A000157B6 /* TCHomepageCell.xib */; };
		FE1E78371AB53EF1000157B6 /* TCHomepageVC.m in Sources */ = {isa = PBXBuildFile; fileRef = FE1E78361AB53EF1000157B6 /* TCHomepageVC.m */; };
		FE1E783D1AB53FA5000157B6 /* TCEditorVC.m in Sources */ = {isa = PBXBuildFile; fileRef = FE1E783C1AB53FA5000157B6 /* TCEditorVC.m */; };
		FE1E78471AB54814000157B6 /* TCColorManager.m in Sources */ = {isa = PBXBuildFile; fileRef = FE1E78441AB54814000157B6 /* TCColorManager.m */; };
		FE1F48DC1B50BD6C002F7CE4 /* TCDairyTable.m in Sources */ = {isa = PBXBuildFile; fileRef = FE1F48DB1B50BD6C002F7CE4 /* TCDairyTable.m */; };
		FE2EEA891B0E12660037C924 /* UIBarButtonItem+Custom.m in Sources */ = {isa = PBXBuildFile; fileRef = FE2EEA881B0E12660037C924 /* UIBarButtonItem+Custom.m */; };
		FE2EEA8C1B0E2B000037C924 /* NSDateFormatter+Custom.m in Sources */ = {isa = PBXBuildFile; fileRef = FE2EEA8B1B0E2B000037C924 /* NSDateFormatter+Custom.m */; };
		FE36DCBD1B0CDFAC00F65F2E /* TCTagSummaryVC.m in Sources */ = {isa = PBXBuildFile; fileRef = FE36DCBC1B0CDFAC00F65F2E /* TCTagSummaryVC.m */; };
		FE3883721AB71B16002C6817 /* TCHomepageHeader.m in Sources */ = {isa = PBXBuildFile; fileRef = FE3883711AB71B16002C6817 /* TCHomepageHeader.m */; };
		FE3883751AB71B2B002C6817 /* TCHomepageFooter.m in Sources */ = {isa = PBXBuildFile; fileRef = FE3883741AB71B2B002C6817 /* TCHomepageFooter.m */; };
		FE4572691AC1B14600CE4C7C /* UIImage+Extensions.m in Sources */ = {isa = PBXBuildFile; fileRef = FE4572681AC1B14600CE4C7C /* UIImage+Extensions.m */; };
		FE4DB3311AC456FE0098156E /* InfoPlist.strings in Resources */ = {isa = PBXBuildFile; fileRef = FE4DB3331AC456FE0098156E /* InfoPlist.strings */; };
		FE5238C51B569BED000C20FF /* TCSettingCell.m in Sources */ = {isa = PBXBuildFile; fileRef = FE5238C41B569BED000C20FF /* TCSettingCell.m */; };
		FE62CDD01B50276A00099CD3 /* TCDairyManager.m in Sources */ = {isa = PBXBuildFile; fileRef = FE62CDCF1B50276A00099CD3 /* TCDairyManager.m */; };
		FE65CE5A1AD57DBB00C00637 /* TCSettingVC.m in Sources */ = {isa = PBXBuildFile; fileRef = FE65CE591AD57DBB00C00637 /* TCSettingVC.m */; };
		FE78B8351AB56A5E0026241E /* TCDatabaseManager.m in Sources */ = {isa = PBXBuildFile; fileRef = FE78B8341AB56A5E0026241E /* TCDatabaseManager.m */; };
		FE78B83B1AB577FF0026241E /* TCDairyModel.m in Sources */ = {isa = PBXBuildFile; fileRef = FE78B83A1AB577FF0026241E /* TCDairyModel.m */; };
		FE78B83F1AB57C750026241E /* TCDashLineView.m in Sources */ = {isa = PBXBuildFile; fileRef = FE78B83E1AB57C750026241E /* TCDashLineView.m */; };
		FE81CDA51AC63EC9001A033A /* NSArray+DairyIndex.m in Sources */ = {isa = PBXBuildFile; fileRef = FE81CDA41AC63EC9001A033A /* NSArray+DairyIndex.m */; };
		FE8406DF1B19F26B009A9500 /* NotificationCenter.framework in Frameworks */ = {isa = PBXBuildFile; fileRef = FE8406DE1B19F26B009A9500 /* NotificationCenter.framework */; };
		FE8406E51B19F26B009A9500 /* TodayViewController.m in Sources */ = {isa = PBXBuildFile; fileRef = FE8406E41B19F26B009A9500 /* TodayViewController.m */; };
		FE8406E71B19F26B009A9500 /* MainInterface.storyboard in Resources */ = {isa = PBXBuildFile; fileRef = FE8406E61B19F26B009A9500 /* MainInterface.storyboard */; };
		FE8406EA1B19F26B009A9500 /* extension.appex in Embed App Extensions */ = {isa = PBXBuildFile; fileRef = FE8406DD1B19F26B009A9500 /* extension.appex */; settings = {ATTRIBUTES = (RemoveHeadersOnCopy, ); }; };
		FE8406F11B19F4A1009A9500 /* InfoPlist.strings in Resources */ = {isa = PBXBuildFile; fileRef = FE8406F31B19F4A1009A9500 /* InfoPlist.strings */; };
		FEA116971B510325008ACC10 /* TCProgressHUD.m in Sources */ = {isa = PBXBuildFile; fileRef = FEA116961B510325008ACC10 /* TCProgressHUD.m */; };
		FEAD28431B57F8C1000B2EBD /* TCLanguageSettingVC.m in Sources */ = {isa = PBXBuildFile; fileRef = FEAD28421B57F8C1000B2EBD /* TCLanguageSettingVC.m */; };
		FEC6CB371B524B4000F3BEC7 /* TCTagSummaryCell.m in Sources */ = {isa = PBXBuildFile; fileRef = FEC6CB361B524B4000F3BEC7 /* TCTagSummaryCell.m */; };
		FEC6CB3F1B52520500F3BEC7 /* TCTagItemModel.m in Sources */ = {isa = PBXBuildFile; fileRef = FEC6CB3E1B52520500F3BEC7 /* TCTagItemModel.m */; };
		FEC6CB431B526B3400F3BEC7 /* TCSpecifiedDataVC.m in Sources */ = {isa = PBXBuildFile; fileRef = FEC6CB421B526B3400F3BEC7 /* TCSpecifiedDataVC.m */; };
		FEC6CB471B526D3000F3BEC7 /* TCSearchVC.m in Sources */ = {isa = PBXBuildFile; fileRef = FEC6CB461B526D3000F3BEC7 /* TCSearchVC.m */; };
		FED641101B581FAC0077B896 /* TCTouchLabel.m in Sources */ = {isa = PBXBuildFile; fileRef = FED6410F1B581FAC0077B896 /* TCTouchLabel.m */; };
		FEE35D231ABD004600317341 /* Accelerate.framework in Frameworks */ = {isa = PBXBuildFile; fileRef = FEE35D221ABD004600317341 /* Accelerate.framework */; };
		FEF785081B14BAD600DB4859 /* TCBackupVC.m in Sources */ = {isa = PBXBuildFile; fileRef = FEF785071B14BAD600DB4859 /* TCBackupVC.m */; };
/* End PBXBuildFile section */

/* Begin PBXContainerItemProxy section */
		F58219461AAD48A800357355 /* PBXContainerItemProxy */ = {
			isa = PBXContainerItemProxy;
			containerPortal = F58219241AAD48A800357355 /* Project object */;
			proxyType = 1;
			remoteGlobalIDString = F582192B1AAD48A800357355;
			remoteInfo = timecoco;
		};
		FE8406E81B19F26B009A9500 /* PBXContainerItemProxy */ = {
			isa = PBXContainerItemProxy;
			containerPortal = F58219241AAD48A800357355 /* Project object */;
			proxyType = 1;
			remoteGlobalIDString = FE8406DC1B19F26B009A9500;
			remoteInfo = extension;
		};
/* End PBXContainerItemProxy section */

/* Begin PBXCopyFilesBuildPhase section */
		FE8406EE1B19F26B009A9500 /* Embed App Extensions */ = {
			isa = PBXCopyFilesBuildPhase;
			buildActionMask = 2147483647;
			dstPath = "";
			dstSubfolderSpec = 13;
			files = (
				FE8406EA1B19F26B009A9500 /* extension.appex in Embed App Extensions */,
			);
			name = "Embed App Extensions";
			runOnlyForDeploymentPostprocessing = 0;
		};
/* End PBXCopyFilesBuildPhase section */

/* Begin PBXFileReference section */
		3610A7DA4701EFA8DA5BC08D /* Pods.framework */ = {isa = PBXFileReference; explicitFileType = wrapper.framework; includeInIndex = 0; path = Pods.framework; sourceTree = BUILT_PRODUCTS_DIR; };
		78898387119EB02C5D9794B4 /* Pods.debug.xcconfig */ = {isa = PBXFileReference; includeInIndex = 1; lastKnownFileType = text.xcconfig; name = Pods.debug.xcconfig; path = "Pods/Target Support Files/Pods/Pods.debug.xcconfig"; sourceTree = "<group>"; };
		EBCC1FEE7FB7540F9994FB95 /* Pods.release.xcconfig */ = {isa = PBXFileReference; includeInIndex = 1; lastKnownFileType = text.xcconfig; name = Pods.release.xcconfig; path = "Pods/Target Support Files/Pods/Pods.release.xcconfig"; sourceTree = "<group>"; };
		F55A53911AB69781007AD020 /* TCFrameBorderView.h */ = {isa = PBXFileReference; fileEncoding = 4; lastKnownFileType = sourcecode.c.h; path = TCFrameBorderView.h; sourceTree = "<group>"; };
		F55A53921AB69781007AD020 /* TCFrameBorderView.m */ = {isa = PBXFileReference; fileEncoding = 4; lastKnownFileType = sourcecode.c.objc; path = TCFrameBorderView.m; sourceTree = "<group>"; };
		F582192C1AAD48A800357355 /* timecoco.app */ = {isa = PBXFileReference; explicitFileType = wrapper.application; includeInIndex = 0; path = timecoco.app; sourceTree = BUILT_PRODUCTS_DIR; };
		F58219301AAD48A800357355 /* Info.plist */ = {isa = PBXFileReference; lastKnownFileType = text.plist.xml; path = Info.plist; sourceTree = "<group>"; };
		F58219311AAD48A800357355 /* main.m */ = {isa = PBXFileReference; lastKnownFileType = sourcecode.c.objc; path = main.m; sourceTree = "<group>"; };
		F58219331AAD48A800357355 /* AppDelegate.h */ = {isa = PBXFileReference; lastKnownFileType = sourcecode.c.h; path = AppDelegate.h; sourceTree = "<group>"; };
		F58219341AAD48A800357355 /* AppDelegate.m */ = {isa = PBXFileReference; lastKnownFileType = sourcecode.c.objc; path = AppDelegate.m; sourceTree = "<group>"; };
		F582193C1AAD48A800357355 /* Images.xcassets */ = {isa = PBXFileReference; lastKnownFileType = folder.assetcatalog; path = Images.xcassets; sourceTree = "<group>"; };
		F582193F1AAD48A800357355 /* Base */ = {isa = PBXFileReference; lastKnownFileType = file.xib; name = Base; path = Base.lproj/LaunchScreen.xib; sourceTree = "<group>"; };
		F58219451AAD48A800357355 /* timecocoTests.xctest */ = {isa = PBXFileReference; explicitFileType = wrapper.cfbundle; includeInIndex = 0; path = timecocoTests.xctest; sourceTree = BUILT_PRODUCTS_DIR; };
		F582194A1AAD48A800357355 /* Info.plist */ = {isa = PBXFileReference; lastKnownFileType = text.plist.xml; path = Info.plist; sourceTree = "<group>"; };
		F582194B1AAD48A800357355 /* timecocoTests.m */ = {isa = PBXFileReference; lastKnownFileType = sourcecode.c.objc; path = timecocoTests.m; sourceTree = "<group>"; };
		F5BAEC9A1ABBBFBE0062167C /* TCEditorOptionView.h */ = {isa = PBXFileReference; fileEncoding = 4; lastKnownFileType = sourcecode.c.h; path = TCEditorOptionView.h; sourceTree = "<group>"; };
		F5BAEC9B1ABBBFBE0062167C /* TCEditorOptionView.m */ = {isa = PBXFileReference; fileEncoding = 4; lastKnownFileType = sourcecode.c.objc; path = TCEditorOptionView.m; sourceTree = "<group>"; };
		F5D78CFC1B1328BD0006BA8A /* TCDairy+Manager.h */ = {isa = PBXFileReference; fileEncoding = 4; lastKnownFileType = sourcecode.c.h; path = "TCDairy+Manager.h"; sourceTree = "<group>"; };
		F5D78CFD1B1328BD0006BA8A /* TCDairy+Manager.m */ = {isa = PBXFileReference; fileEncoding = 4; lastKnownFileType = sourcecode.c.objc; path = "TCDairy+Manager.m"; sourceTree = "<group>"; };
		F5D78D001B132B240006BA8A /* UIView+Frame.h */ = {isa = PBXFileReference; fileEncoding = 4; lastKnownFileType = sourcecode.c.h; path = "UIView+Frame.h"; sourceTree = "<group>"; };
		F5D78D011B132B240006BA8A /* UIView+Frame.m */ = {isa = PBXFileReference; fileEncoding = 4; lastKnownFileType = sourcecode.c.objc; path = "UIView+Frame.m"; sourceTree = "<group>"; };
		F5DA7F991B4E61980052F724 /* NotoSansCJKsc-DemiLight.otf */ = {isa = PBXFileReference; lastKnownFileType = file; path = "NotoSansCJKsc-DemiLight.otf"; sourceTree = "<group>"; };
		F5E895BC1AB6C41000862723 /* TCUtility.h */ = {isa = PBXFileReference; fileEncoding = 4; lastKnownFileType = sourcecode.c.h; path = TCUtility.h; sourceTree = "<group>"; };
		F5E895BD1AB6C41000862723 /* TCUtility.m */ = {isa = PBXFileReference; fileEncoding = 4; lastKnownFileType = sourcecode.c.objc; path = TCUtility.m; sourceTree = "<group>"; };
		FE0387BB1ABE65F1007A3831 /* TCMenuVC.h */ = {isa = PBXFileReference; fileEncoding = 4; lastKnownFileType = sourcecode.c.h; path = TCMenuVC.h; sourceTree = "<group>"; };
		FE0387BC1ABE65F1007A3831 /* TCMenuVC.m */ = {isa = PBXFileReference; fileEncoding = 4; lastKnownFileType = sourcecode.c.objc; path = TCMenuVC.m; sourceTree = "<group>"; };
		FE03F6071AB9CC8800597FAA /* TCNotification.h */ = {isa = PBXFileReference; fileEncoding = 4; lastKnownFileType = sourcecode.c.h; path = TCNotification.h; sourceTree = "<group>"; };
		FE03F6081AB9CCB800597FAA /* TCConstant.h */ = {isa = PBXFileReference; fileEncoding = 4; lastKnownFileType = sourcecode.c.h; path = TCConstant.h; sourceTree = "<group>"; };
		FE1478521AB487BC007C8395 /* TCHomepageVC.h */ = {isa = PBXFileReference; fileEncoding = 4; lastKnownFileType = sourcecode.c.h; path = TCHomepageVC.h; sourceTree = "<group>"; };
		FE1E78201AB51C7A000157B6 /* TCHomepageCell.h */ = {isa = PBXFileReference; fileEncoding = 4; lastKnownFileType = sourcecode.c.h; path = TCHomepageCell.h; sourceTree = "<group>"; };
		FE1E78211AB51C7A000157B6 /* TCHomepageCell.m */ = {isa = PBXFileReference; fileEncoding = 4; lastKnownFileType = sourcecode.c.objc; path = TCHomepageCell.m; sourceTree = "<group>"; };
		FE1E78221AB51C7A000157B6 /* TCHomepageCell.xib */ = {isa = PBXFileReference; fileEncoding = 4; lastKnownFileType = file.xib; path = TCHomepageCell.xib; sourceTree = "<group>"; };
		FE1E78351AB538D1000157B6 /* timecoco-Prefix.pch */ = {isa = PBXFileReference; fileEncoding = 4; lastKnownFileType = sourcecode.c.h; path = "timecoco-Prefix.pch"; sourceTree = "<group>"; };
		FE1E78361AB53EF1000157B6 /* TCHomepageVC.m */ = {isa = PBXFileReference; fileEncoding = 4; lastKnownFileType = sourcecode.c.objc; path = TCHomepageVC.m; sourceTree = "<group>"; };
		FE1E783B1AB53FA5000157B6 /* TCEditorVC.h */ = {isa = PBXFileReference; fileEncoding = 4; lastKnownFileType = sourcecode.c.h; path = TCEditorVC.h; sourceTree = "<group>"; };
		FE1E783C1AB53FA5000157B6 /* TCEditorVC.m */ = {isa = PBXFileReference; fileEncoding = 4; lastKnownFileType = sourcecode.c.objc; path = TCEditorVC.m; sourceTree = "<group>"; };
		FE1E78431AB54814000157B6 /* TCColorManager.h */ = {isa = PBXFileReference; fileEncoding = 4; lastKnownFileType = sourcecode.c.h; path = TCColorManager.h; sourceTree = "<group>"; };
		FE1E78441AB54814000157B6 /* TCColorManager.m */ = {isa = PBXFileReference; fileEncoding = 4; lastKnownFileType = sourcecode.c.objc; path = TCColorManager.m; sourceTree = "<group>"; };
		FE1F48DA1B50BD6C002F7CE4 /* TCDairyTable.h */ = {isa = PBXFileReference; fileEncoding = 4; lastKnownFileType = sourcecode.c.h; path = TCDairyTable.h; sourceTree = "<group>"; };
		FE1F48DB1B50BD6C002F7CE4 /* TCDairyTable.m */ = {isa = PBXFileReference; fileEncoding = 4; lastKnownFileType = sourcecode.c.objc; path = TCDairyTable.m; sourceTree = "<group>"; };
		FE2EEA871B0E12660037C924 /* UIBarButtonItem+Custom.h */ = {isa = PBXFileReference; fileEncoding = 4; lastKnownFileType = sourcecode.c.h; path = "UIBarButtonItem+Custom.h"; sourceTree = "<group>"; };
		FE2EEA881B0E12660037C924 /* UIBarButtonItem+Custom.m */ = {isa = PBXFileReference; fileEncoding = 4; lastKnownFileType = sourcecode.c.objc; path = "UIBarButtonItem+Custom.m"; sourceTree = "<group>"; };
		FE2EEA8A1B0E2B000037C924 /* NSDateFormatter+Custom.h */ = {isa = PBXFileReference; fileEncoding = 4; lastKnownFileType = sourcecode.c.h; path = "NSDateFormatter+Custom.h"; sourceTree = "<group>"; };
		FE2EEA8B1B0E2B000037C924 /* NSDateFormatter+Custom.m */ = {isa = PBXFileReference; fileEncoding = 4; lastKnownFileType = sourcecode.c.objc; path = "NSDateFormatter+Custom.m"; sourceTree = "<group>"; };
		FE36DCBB1B0CDFAC00F65F2E /* TCTagSummaryVC.h */ = {isa = PBXFileReference; fileEncoding = 4; lastKnownFileType = sourcecode.c.h; path = TCTagSummaryVC.h; sourceTree = "<group>"; };
		FE36DCBC1B0CDFAC00F65F2E /* TCTagSummaryVC.m */ = {isa = PBXFileReference; fileEncoding = 4; lastKnownFileType = sourcecode.c.objc; path = TCTagSummaryVC.m; sourceTree = "<group>"; };
		FE3883701AB71B16002C6817 /* TCHomepageHeader.h */ = {isa = PBXFileReference; fileEncoding = 4; lastKnownFileType = sourcecode.c.h; path = TCHomepageHeader.h; sourceTree = "<group>"; };
		FE3883711AB71B16002C6817 /* TCHomepageHeader.m */ = {isa = PBXFileReference; fileEncoding = 4; lastKnownFileType = sourcecode.c.objc; path = TCHomepageHeader.m; sourceTree = "<group>"; };
		FE3883731AB71B2B002C6817 /* TCHomepageFooter.h */ = {isa = PBXFileReference; fileEncoding = 4; lastKnownFileType = sourcecode.c.h; path = TCHomepageFooter.h; sourceTree = "<group>"; };
		FE3883741AB71B2B002C6817 /* TCHomepageFooter.m */ = {isa = PBXFileReference; fileEncoding = 4; lastKnownFileType = sourcecode.c.objc; path = TCHomepageFooter.m; sourceTree = "<group>"; };
		FE4572671AC1B14600CE4C7C /* UIImage+Extensions.h */ = {isa = PBXFileReference; fileEncoding = 4; lastKnownFileType = sourcecode.c.h; path = "UIImage+Extensions.h"; sourceTree = "<group>"; };
		FE4572681AC1B14600CE4C7C /* UIImage+Extensions.m */ = {isa = PBXFileReference; fileEncoding = 4; lastKnownFileType = sourcecode.c.objc; path = "UIImage+Extensions.m"; sourceTree = "<group>"; };
		FE4DB3321AC456FE0098156E /* Base */ = {isa = PBXFileReference; lastKnownFileType = text.plist.strings; name = Base; path = Base.lproj/InfoPlist.strings; sourceTree = "<group>"; };
		FE4DB3341AC457210098156E /* zh-Hans */ = {isa = PBXFileReference; lastKnownFileType = text.plist.strings; name = "zh-Hans"; path = "zh-Hans.lproj/InfoPlist.strings"; sourceTree = "<group>"; };
		FE4DB3351AC4572D0098156E /* zh-Hant */ = {isa = PBXFileReference; lastKnownFileType = text.plist.strings; name = "zh-Hant"; path = "zh-Hant.lproj/InfoPlist.strings"; sourceTree = "<group>"; };
		FE4DB3361AC457370098156E /* ja */ = {isa = PBXFileReference; lastKnownFileType = text.plist.strings; name = ja; path = ja.lproj/InfoPlist.strings; sourceTree = "<group>"; };
		FE5238C31B569BED000C20FF /* TCSettingCell.h */ = {isa = PBXFileReference; fileEncoding = 4; lastKnownFileType = sourcecode.c.h; path = TCSettingCell.h; sourceTree = "<group>"; };
		FE5238C41B569BED000C20FF /* TCSettingCell.m */ = {isa = PBXFileReference; fileEncoding = 4; lastKnownFileType = sourcecode.c.objc; path = TCSettingCell.m; sourceTree = "<group>"; };
		FE62CDCE1B50276A00099CD3 /* TCDairyManager.h */ = {isa = PBXFileReference; fileEncoding = 4; lastKnownFileType = sourcecode.c.h; path = TCDairyManager.h; sourceTree = "<group>"; };
		FE62CDCF1B50276A00099CD3 /* TCDairyManager.m */ = {isa = PBXFileReference; fileEncoding = 4; lastKnownFileType = sourcecode.c.objc; path = TCDairyManager.m; sourceTree = "<group>"; };
		FE65CE581AD57DBB00C00637 /* TCSettingVC.h */ = {isa = PBXFileReference; fileEncoding = 4; lastKnownFileType = sourcecode.c.h; path = TCSettingVC.h; sourceTree = "<group>"; };
		FE65CE591AD57DBB00C00637 /* TCSettingVC.m */ = {isa = PBXFileReference; fileEncoding = 4; lastKnownFileType = sourcecode.c.objc; path = TCSettingVC.m; sourceTree = "<group>"; };
		FE78B8331AB56A5E0026241E /* TCDatabaseManager.h */ = {isa = PBXFileReference; fileEncoding = 4; lastKnownFileType = sourcecode.c.h; path = TCDatabaseManager.h; sourceTree = "<group>"; };
		FE78B8341AB56A5E0026241E /* TCDatabaseManager.m */ = {isa = PBXFileReference; fileEncoding = 4; lastKnownFileType = sourcecode.c.objc; path = TCDatabaseManager.m; sourceTree = "<group>"; };
		FE78B8391AB577FF0026241E /* TCDairyModel.h */ = {isa = PBXFileReference; fileEncoding = 4; lastKnownFileType = sourcecode.c.h; path = TCDairyModel.h; sourceTree = "<group>"; };
		FE78B83A1AB577FF0026241E /* TCDairyModel.m */ = {isa = PBXFileReference; fileEncoding = 4; lastKnownFileType = sourcecode.c.objc; path = TCDairyModel.m; sourceTree = "<group>"; };
		FE78B83D1AB57C750026241E /* TCDashLineView.h */ = {isa = PBXFileReference; fileEncoding = 4; lastKnownFileType = sourcecode.c.h; path = TCDashLineView.h; sourceTree = "<group>"; };
		FE78B83E1AB57C750026241E /* TCDashLineView.m */ = {isa = PBXFileReference; fileEncoding = 4; lastKnownFileType = sourcecode.c.objc; path = TCDashLineView.m; sourceTree = "<group>"; };
		FE81CDA31AC63EC9001A033A /* NSArray+DairyIndex.h */ = {isa = PBXFileReference; fileEncoding = 4; lastKnownFileType = sourcecode.c.h; path = "NSArray+DairyIndex.h"; sourceTree = "<group>"; };
		FE81CDA41AC63EC9001A033A /* NSArray+DairyIndex.m */ = {isa = PBXFileReference; fileEncoding = 4; lastKnownFileType = sourcecode.c.objc; path = "NSArray+DairyIndex.m"; sourceTree = "<group>"; };
		FE8406DD1B19F26B009A9500 /* extension.appex */ = {isa = PBXFileReference; explicitFileType = "wrapper.app-extension"; includeInIndex = 0; path = extension.appex; sourceTree = BUILT_PRODUCTS_DIR; };
		FE8406DE1B19F26B009A9500 /* NotificationCenter.framework */ = {isa = PBXFileReference; lastKnownFileType = wrapper.framework; name = NotificationCenter.framework; path = System/Library/Frameworks/NotificationCenter.framework; sourceTree = SDKROOT; };
		FE8406E21B19F26B009A9500 /* Info.plist */ = {isa = PBXFileReference; lastKnownFileType = text.plist.xml; path = Info.plist; sourceTree = "<group>"; };
		FE8406E31B19F26B009A9500 /* TodayViewController.h */ = {isa = PBXFileReference; lastKnownFileType = sourcecode.c.h; path = TodayViewController.h; sourceTree = "<group>"; };
		FE8406E41B19F26B009A9500 /* TodayViewController.m */ = {isa = PBXFileReference; lastKnownFileType = sourcecode.c.objc; path = TodayViewController.m; sourceTree = "<group>"; };
		FE8406E61B19F26B009A9500 /* MainInterface.storyboard */ = {isa = PBXFileReference; lastKnownFileType = file.storyboard; path = MainInterface.storyboard; sourceTree = "<group>"; };
		FE8406F21B19F4A1009A9500 /* Base */ = {isa = PBXFileReference; lastKnownFileType = text.plist.strings; name = Base; path = Base.lproj/InfoPlist.strings; sourceTree = "<group>"; };
		FE8406F51B19F4A9009A9500 /* zh-Hans */ = {isa = PBXFileReference; lastKnownFileType = text.plist.strings; name = "zh-Hans"; path = "zh-Hans.lproj/InfoPlist.strings"; sourceTree = "<group>"; };
		FE8406F61B19F4AA009A9500 /* zh-Hant */ = {isa = PBXFileReference; lastKnownFileType = text.plist.strings; name = "zh-Hant"; path = "zh-Hant.lproj/InfoPlist.strings"; sourceTree = "<group>"; };
		FE8406F71B19F4AB009A9500 /* ja */ = {isa = PBXFileReference; lastKnownFileType = text.plist.strings; name = ja; path = ja.lproj/InfoPlist.strings; sourceTree = "<group>"; };
		FEA116951B510325008ACC10 /* TCProgressHUD.h */ = {isa = PBXFileReference; fileEncoding = 4; lastKnownFileType = sourcecode.c.h; path = TCProgressHUD.h; sourceTree = "<group>"; };
		FEA116961B510325008ACC10 /* TCProgressHUD.m */ = {isa = PBXFileReference; fileEncoding = 4; lastKnownFileType = sourcecode.c.objc; path = TCProgressHUD.m; sourceTree = "<group>"; };
		FEAD28411B57F8C1000B2EBD /* TCLanguageSettingVC.h */ = {isa = PBXFileReference; fileEncoding = 4; lastKnownFileType = sourcecode.c.h; path = TCLanguageSettingVC.h; sourceTree = "<group>"; };
		FEAD28421B57F8C1000B2EBD /* TCLanguageSettingVC.m */ = {isa = PBXFileReference; fileEncoding = 4; lastKnownFileType = sourcecode.c.objc; path = TCLanguageSettingVC.m; sourceTree = "<group>"; };
		FEC6CB351B524B4000F3BEC7 /* TCTagSummaryCell.h */ = {isa = PBXFileReference; fileEncoding = 4; lastKnownFileType = sourcecode.c.h; path = TCTagSummaryCell.h; sourceTree = "<group>"; };
		FEC6CB361B524B4000F3BEC7 /* TCTagSummaryCell.m */ = {isa = PBXFileReference; fileEncoding = 4; lastKnownFileType = sourcecode.c.objc; path = TCTagSummaryCell.m; sourceTree = "<group>"; };
		FEC6CB3D1B52520500F3BEC7 /* TCTagItemModel.h */ = {isa = PBXFileReference; fileEncoding = 4; lastKnownFileType = sourcecode.c.h; path = TCTagItemModel.h; sourceTree = "<group>"; };
		FEC6CB3E1B52520500F3BEC7 /* TCTagItemModel.m */ = {isa = PBXFileReference; fileEncoding = 4; lastKnownFileType = sourcecode.c.objc; path = TCTagItemModel.m; sourceTree = "<group>"; };
		FEC6CB411B526B3400F3BEC7 /* TCSpecifiedDataVC.h */ = {isa = PBXFileReference; fileEncoding = 4; lastKnownFileType = sourcecode.c.h; path = TCSpecifiedDataVC.h; sourceTree = "<group>"; };
		FEC6CB421B526B3400F3BEC7 /* TCSpecifiedDataVC.m */ = {isa = PBXFileReference; fileEncoding = 4; lastKnownFileType = sourcecode.c.objc; path = TCSpecifiedDataVC.m; sourceTree = "<group>"; };
		FEC6CB451B526D3000F3BEC7 /* TCSearchVC.h */ = {isa = PBXFileReference; fileEncoding = 4; lastKnownFileType = sourcecode.c.h; path = TCSearchVC.h; sourceTree = "<group>"; };
		FEC6CB461B526D3000F3BEC7 /* TCSearchVC.m */ = {isa = PBXFileReference; fileEncoding = 4; lastKnownFileType = sourcecode.c.objc; path = TCSearchVC.m; sourceTree = "<group>"; };
		FED6410E1B581FAC0077B896 /* TCTouchLabel.h */ = {isa = PBXFileReference; fileEncoding = 4; lastKnownFileType = sourcecode.c.h; path = TCTouchLabel.h; sourceTree = "<group>"; };
		FED6410F1B581FAC0077B896 /* TCTouchLabel.m */ = {isa = PBXFileReference; fileEncoding = 4; lastKnownFileType = sourcecode.c.objc; path = TCTouchLabel.m; sourceTree = "<group>"; };
		FEE35D221ABD004600317341 /* Accelerate.framework */ = {isa = PBXFileReference; lastKnownFileType = wrapper.framework; name = Accelerate.framework; path = System/Library/Frameworks/Accelerate.framework; sourceTree = SDKROOT; };
		FEF785061B14BAD600DB4859 /* TCBackupVC.h */ = {isa = PBXFileReference; fileEncoding = 4; lastKnownFileType = sourcecode.c.h; path = TCBackupVC.h; sourceTree = "<group>"; };
		FEF785071B14BAD600DB4859 /* TCBackupVC.m */ = {isa = PBXFileReference; fileEncoding = 4; lastKnownFileType = sourcecode.c.objc; path = TCBackupVC.m; sourceTree = "<group>"; };
/* End PBXFileReference section */

/* Begin PBXFrameworksBuildPhase section */
		F58219291AAD48A800357355 /* Frameworks */ = {
			isa = PBXFrameworksBuildPhase;
			buildActionMask = 2147483647;
			files = (
				FEE35D231ABD004600317341 /* Accelerate.framework in Frameworks */,
				0567666E6D24D90A2D2B3E9D /* Pods.framework in Frameworks */,
			);
			runOnlyForDeploymentPostprocessing = 0;
		};
		F58219421AAD48A800357355 /* Frameworks */ = {
			isa = PBXFrameworksBuildPhase;
			buildActionMask = 2147483647;
			files = (
			);
			runOnlyForDeploymentPostprocessing = 0;
		};
		FE8406DA1B19F26B009A9500 /* Frameworks */ = {
			isa = PBXFrameworksBuildPhase;
			buildActionMask = 2147483647;
			files = (
				FE8406DF1B19F26B009A9500 /* NotificationCenter.framework in Frameworks */,
			);
			runOnlyForDeploymentPostprocessing = 0;
		};
/* End PBXFrameworksBuildPhase section */

/* Begin PBXGroup section */
		3FC787C593D738AFCE54C5D9 /* Frameworks */ = {
			isa = PBXGroup;
			children = (
				FEE35D221ABD004600317341 /* Accelerate.framework */,
				3610A7DA4701EFA8DA5BC08D /* Pods.framework */,
				FE8406DE1B19F26B009A9500 /* NotificationCenter.framework */,
			);
			name = Frameworks;
			sourceTree = "<group>";
		};
		58DC5CEC0E436CDE4FF6C657 /* Pods */ = {
			isa = PBXGroup;
			children = (
				78898387119EB02C5D9794B4 /* Pods.debug.xcconfig */,
				EBCC1FEE7FB7540F9994FB95 /* Pods.release.xcconfig */,
			);
			name = Pods;
			sourceTree = "<group>";
		};
		F58219231AAD48A800357355 = {
			isa = PBXGroup;
			children = (
				F582192E1AAD48A800357355 /* timecoco */,
				F58219481AAD48A800357355 /* timecocoTests */,
				FE8406E01B19F26B009A9500 /* extension */,
				F582192D1AAD48A800357355 /* Products */,
				58DC5CEC0E436CDE4FF6C657 /* Pods */,
				3FC787C593D738AFCE54C5D9 /* Frameworks */,
			);
			sourceTree = "<group>";
		};
		F582192D1AAD48A800357355 /* Products */ = {
			isa = PBXGroup;
			children = (
				F582192C1AAD48A800357355 /* timecoco.app */,
				F58219451AAD48A800357355 /* timecocoTests.xctest */,
				FE8406DD1B19F26B009A9500 /* extension.appex */,
			);
			name = Products;
			sourceTree = "<group>";
		};
		F582192E1AAD48A800357355 /* timecoco */ = {
			isa = PBXGroup;
			children = (
				F58219331AAD48A800357355 /* AppDelegate.h */,
				F58219341AAD48A800357355 /* AppDelegate.m */,
				FE1478491AB486A5007C8395 /* Controller */,
				FE78B8361AB577AE0026241E /* Model */,
				FE1E783E1AB54814000157B6 /* Utility */,
				F5DA7F981B4E61980052F724 /* Resource */,
				F582193E1AAD48A800357355 /* LaunchScreen.xib */,
				F582193C1AAD48A800357355 /* Images.xcassets */,
				F582192F1AAD48A800357355 /* Supporting Files */,
			);
			path = timecoco;
			sourceTree = "<group>";
		};
		F582192F1AAD48A800357355 /* Supporting Files */ = {
			isa = PBXGroup;
			children = (
				F58219301AAD48A800357355 /* Info.plist */,
				F58219311AAD48A800357355 /* main.m */,
				FE1E78351AB538D1000157B6 /* timecoco-Prefix.pch */,
				FE4DB3331AC456FE0098156E /* InfoPlist.strings */,
			);
			name = "Supporting Files";
			sourceTree = "<group>";
		};
		F58219481AAD48A800357355 /* timecocoTests */ = {
			isa = PBXGroup;
			children = (
				F582194B1AAD48A800357355 /* timecocoTests.m */,
				F58219491AAD48A800357355 /* Supporting Files */,
			);
			path = timecocoTests;
			sourceTree = "<group>";
		};
		F58219491AAD48A800357355 /* Supporting Files */ = {
			isa = PBXGroup;
			children = (
				F582194A1AAD48A800357355 /* Info.plist */,
			);
			name = "Supporting Files";
			sourceTree = "<group>";
		};
		F5D78CFF1B132AAC0006BA8A /* Common */ = {
			isa = PBXGroup;
			children = (
				F5D78D001B132B240006BA8A /* UIView+Frame.h */,
				F5D78D011B132B240006BA8A /* UIView+Frame.m */,
			);
			path = Common;
			sourceTree = "<group>";
		};
		F5DA7F981B4E61980052F724 /* Resource */ = {
			isa = PBXGroup;
			children = (
				F5DA7F991B4E61980052F724 /* NotoSansCJKsc-DemiLight.otf */,
			);
			path = Resource;
			sourceTree = "<group>";
		};
		FE0387BA1ABE658A007A3831 /* TCMenu */ = {
			isa = PBXGroup;
			children = (
				FE0387BB1ABE65F1007A3831 /* TCMenuVC.h */,
				FE0387BC1ABE65F1007A3831 /* TCMenuVC.m */,
			);
			path = TCMenu;
			sourceTree = "<group>";
		};
		FE0387BE1ABEB71E007A3831 /* TCCategory */ = {
			isa = PBXGroup;
			children = (
				F5D78CFF1B132AAC0006BA8A /* Common */,
				FE4572671AC1B14600CE4C7C /* UIImage+Extensions.h */,
				FE4572681AC1B14600CE4C7C /* UIImage+Extensions.m */,
				FE81CDA31AC63EC9001A033A /* NSArray+DairyIndex.h */,
				FE81CDA41AC63EC9001A033A /* NSArray+DairyIndex.m */,
				FE2EEA871B0E12660037C924 /* UIBarButtonItem+Custom.h */,
				FE2EEA881B0E12660037C924 /* UIBarButtonItem+Custom.m */,
				FE2EEA8A1B0E2B000037C924 /* NSDateFormatter+Custom.h */,
				FE2EEA8B1B0E2B000037C924 /* NSDateFormatter+Custom.m */,
				F5D78CFC1B1328BD0006BA8A /* TCDairy+Manager.h */,
				F5D78CFD1B1328BD0006BA8A /* TCDairy+Manager.m */,
			);
			path = TCCategory;
			sourceTree = "<group>";
		};
		FE1478491AB486A5007C8395 /* Controller */ = {
			isa = PBXGroup;
			children = (
				FE1E783A1AB53FA5000157B6 /* TCEditor */,
				FE1478511AB487BC007C8395 /* TCHomepage */,
				FE0387BA1ABE658A007A3831 /* TCMenu */,
				FEC6CB441B526CDE00F3BEC7 /* TCSearch */,
				FE65CE541AD57D7F00C00637 /* TCSetting */,
				FEC6CB401B526A9000F3BEC7 /* TCSpecifiedDataVC */,
				FE36DCBA1B0CDF8500F65F2E /* TCTagSummary */,
			);
			path = Controller;
			sourceTree = "<group>";
		};
		FE1478511AB487BC007C8395 /* TCHomepage */ = {
			isa = PBXGroup;
			children = (
				FE1478521AB487BC007C8395 /* TCHomepageVC.h */,
				FE1E78361AB53EF1000157B6 /* TCHomepageVC.m */,
				FE1E78201AB51C7A000157B6 /* TCHomepageCell.h */,
				FE1E78211AB51C7A000157B6 /* TCHomepageCell.m */,
				FE1E78221AB51C7A000157B6 /* TCHomepageCell.xib */,
				FE3883701AB71B16002C6817 /* TCHomepageHeader.h */,
				FE3883711AB71B16002C6817 /* TCHomepageHeader.m */,
				FE3883731AB71B2B002C6817 /* TCHomepageFooter.h */,
				FE3883741AB71B2B002C6817 /* TCHomepageFooter.m */,
				FED6410E1B581FAC0077B896 /* TCTouchLabel.h */,
				FED6410F1B581FAC0077B896 /* TCTouchLabel.m */,
			);
			path = TCHomepage;
			sourceTree = "<group>";
		};
		FE1E783A1AB53FA5000157B6 /* TCEditor */ = {
			isa = PBXGroup;
			children = (
				FE1E783B1AB53FA5000157B6 /* TCEditorVC.h */,
				FE1E783C1AB53FA5000157B6 /* TCEditorVC.m */,
				F5BAEC9A1ABBBFBE0062167C /* TCEditorOptionView.h */,
				F5BAEC9B1ABBBFBE0062167C /* TCEditorOptionView.m */,
			);
			path = TCEditor;
			sourceTree = "<group>";
		};
		FE1E783E1AB54814000157B6 /* Utility */ = {
			isa = PBXGroup;
			children = (
				FE03F6081AB9CCB800597FAA /* TCConstant.h */,
				FE03F6071AB9CC8800597FAA /* TCNotification.h */,
				F5E895BC1AB6C41000862723 /* TCUtility.h */,
				F5E895BD1AB6C41000862723 /* TCUtility.m */,
				FE0387BE1ABEB71E007A3831 /* TCCategory */,
				FE1E78421AB54814000157B6 /* TCColorManager */,
				FE62CDCD1B50275100099CD3 /* TCDairyManager */,
				FE1F48D91B50BD3C002F7CE4 /* TCDairyTable */,
				FE78B8321AB569FC0026241E /* TCDatabaseManager */,
				FEA116941B510228008ACC10 /* TCProgressHUD */,
				FE78B83C1AB57C520026241E /* TCUtilityView */,
			);
			path = Utility;
			sourceTree = "<group>";
		};
		FE1E78421AB54814000157B6 /* TCColorManager */ = {
			isa = PBXGroup;
			children = (
				FE1E78431AB54814000157B6 /* TCColorManager.h */,
				FE1E78441AB54814000157B6 /* TCColorManager.m */,
			);
			path = TCColorManager;
			sourceTree = "<group>";
		};
		FE1F48D91B50BD3C002F7CE4 /* TCDairyTable */ = {
			isa = PBXGroup;
			children = (
				FE1F48DA1B50BD6C002F7CE4 /* TCDairyTable.h */,
				FE1F48DB1B50BD6C002F7CE4 /* TCDairyTable.m */,
			);
			path = TCDairyTable;
			sourceTree = "<group>";
		};
		FE36DCBA1B0CDF8500F65F2E /* TCTagSummary */ = {
			isa = PBXGroup;
			children = (
				FE36DCBB1B0CDFAC00F65F2E /* TCTagSummaryVC.h */,
				FE36DCBC1B0CDFAC00F65F2E /* TCTagSummaryVC.m */,
				FEC6CB351B524B4000F3BEC7 /* TCTagSummaryCell.h */,
				FEC6CB361B524B4000F3BEC7 /* TCTagSummaryCell.m */,
			);
			path = TCTagSummary;
			sourceTree = "<group>";
		};
		FE62CDCD1B50275100099CD3 /* TCDairyManager */ = {
			isa = PBXGroup;
			children = (
				FE62CDCE1B50276A00099CD3 /* TCDairyManager.h */,
				FE62CDCF1B50276A00099CD3 /* TCDairyManager.m */,
			);
			path = TCDairyManager;
			sourceTree = "<group>";
		};
		FE65CE541AD57D7F00C00637 /* TCSetting */ = {
			isa = PBXGroup;
			children = (
				FE5238C31B569BED000C20FF /* TCSettingCell.h */,
				FE5238C41B569BED000C20FF /* TCSettingCell.m */,
				FE65CE581AD57DBB00C00637 /* TCSettingVC.h */,
				FE65CE591AD57DBB00C00637 /* TCSettingVC.m */,
				FEF785061B14BAD600DB4859 /* TCBackupVC.h */,
				FEF785071B14BAD600DB4859 /* TCBackupVC.m */,
				FEAD28411B57F8C1000B2EBD /* TCLanguageSettingVC.h */,
				FEAD28421B57F8C1000B2EBD /* TCLanguageSettingVC.m */,
			);
			path = TCSetting;
			sourceTree = "<group>";
		};
		FE78B8321AB569FC0026241E /* TCDatabaseManager */ = {
			isa = PBXGroup;
			children = (
				FE78B8331AB56A5E0026241E /* TCDatabaseManager.h */,
				FE78B8341AB56A5E0026241E /* TCDatabaseManager.m */,
			);
			path = TCDatabaseManager;
			sourceTree = "<group>";
		};
		FE78B8361AB577AE0026241E /* Model */ = {
			isa = PBXGroup;
			children = (
				FEC6CB3C1B52520500F3BEC7 /* TCTagItem */,
				FE78B8381AB577F00026241E /* TCDairy */,
			);
			path = Model;
			sourceTree = "<group>";
		};
		FE78B8381AB577F00026241E /* TCDairy */ = {
			isa = PBXGroup;
			children = (
				FE78B8391AB577FF0026241E /* TCDairyModel.h */,
				FE78B83A1AB577FF0026241E /* TCDairyModel.m */,
			);
			path = TCDairy;
			sourceTree = "<group>";
		};
		FE78B83C1AB57C520026241E /* TCUtilityView */ = {
			isa = PBXGroup;
			children = (
				F55A53911AB69781007AD020 /* TCFrameBorderView.h */,
				F55A53921AB69781007AD020 /* TCFrameBorderView.m */,
				FE78B83D1AB57C750026241E /* TCDashLineView.h */,
				FE78B83E1AB57C750026241E /* TCDashLineView.m */,
			);
			path = TCUtilityView;
			sourceTree = "<group>";
		};
		FE8406E01B19F26B009A9500 /* extension */ = {
			isa = PBXGroup;
			children = (
				FE8406E31B19F26B009A9500 /* TodayViewController.h */,
				FE8406E41B19F26B009A9500 /* TodayViewController.m */,
				FE8406E61B19F26B009A9500 /* MainInterface.storyboard */,
				FE8406E11B19F26B009A9500 /* Supporting Files */,
			);
			path = extension;
			sourceTree = "<group>";
		};
		FE8406E11B19F26B009A9500 /* Supporting Files */ = {
			isa = PBXGroup;
			children = (
				FE8406E21B19F26B009A9500 /* Info.plist */,
				FE8406F31B19F4A1009A9500 /* InfoPlist.strings */,
			);
			name = "Supporting Files";
			sourceTree = "<group>";
		};
		FEA116941B510228008ACC10 /* TCProgressHUD */ = {
			isa = PBXGroup;
			children = (
				FEA116951B510325008ACC10 /* TCProgressHUD.h */,
				FEA116961B510325008ACC10 /* TCProgressHUD.m */,
			);
			path = TCProgressHUD;
			sourceTree = "<group>";
		};
		FEC6CB3C1B52520500F3BEC7 /* TCTagItem */ = {
			isa = PBXGroup;
			children = (
				FEC6CB3D1B52520500F3BEC7 /* TCTagItemModel.h */,
				FEC6CB3E1B52520500F3BEC7 /* TCTagItemModel.m */,
			);
			path = TCTagItem;
			sourceTree = "<group>";
		};
		FEC6CB401B526A9000F3BEC7 /* TCSpecifiedDataVC */ = {
			isa = PBXGroup;
			children = (
				FEC6CB411B526B3400F3BEC7 /* TCSpecifiedDataVC.h */,
				FEC6CB421B526B3400F3BEC7 /* TCSpecifiedDataVC.m */,
			);
			path = TCSpecifiedDataVC;
			sourceTree = "<group>";
		};
		FEC6CB441B526CDE00F3BEC7 /* TCSearch */ = {
			isa = PBXGroup;
			children = (
				FEC6CB451B526D3000F3BEC7 /* TCSearchVC.h */,
				FEC6CB461B526D3000F3BEC7 /* TCSearchVC.m */,
			);
			path = TCSearch;
			sourceTree = "<group>";
		};
/* End PBXGroup section */

/* Begin PBXNativeTarget section */
		F582192B1AAD48A800357355 /* timecoco */ = {
			isa = PBXNativeTarget;
			buildConfigurationList = F582194F1AAD48A800357355 /* Build configuration list for PBXNativeTarget "timecoco" */;
			buildPhases = (
				711A8143639E11EA7E6F9495 /* Check Pods Manifest.lock */,
				F58219281AAD48A800357355 /* Sources */,
				F58219291AAD48A800357355 /* Frameworks */,
				F582192A1AAD48A800357355 /* Resources */,
				BA6BD14627D09E634A0D0589 /* Copy Pods Resources */,
				328E54E9D3141BBB80D1634A /* Embed Pods Frameworks */,
				FE8406EE1B19F26B009A9500 /* Embed App Extensions */,
				FED6DA0C1B39B4D90015A5F4 /* ShellScript */,
			);
			buildRules = (
			);
			dependencies = (
				FE8406E91B19F26B009A9500 /* PBXTargetDependency */,
			);
			name = timecoco;
			productName = timecoco;
			productReference = F582192C1AAD48A800357355 /* timecoco.app */;
			productType = "com.apple.product-type.application";
		};
		F58219441AAD48A800357355 /* timecocoTests */ = {
			isa = PBXNativeTarget;
			buildConfigurationList = F58219521AAD48A800357355 /* Build configuration list for PBXNativeTarget "timecocoTests" */;
			buildPhases = (
				F58219411AAD48A800357355 /* Sources */,
				F58219421AAD48A800357355 /* Frameworks */,
				F58219431AAD48A800357355 /* Resources */,
			);
			buildRules = (
			);
			dependencies = (
				F58219471AAD48A800357355 /* PBXTargetDependency */,
			);
			name = timecocoTests;
			productName = timecocoTests;
			productReference = F58219451AAD48A800357355 /* timecocoTests.xctest */;
			productType = "com.apple.product-type.bundle.unit-test";
		};
		FE8406DC1B19F26B009A9500 /* extension */ = {
			isa = PBXNativeTarget;
			buildConfigurationList = FE8406ED1B19F26B009A9500 /* Build configuration list for PBXNativeTarget "extension" */;
			buildPhases = (
				FE8406D91B19F26B009A9500 /* Sources */,
				FE8406DA1B19F26B009A9500 /* Frameworks */,
				FE8406DB1B19F26B009A9500 /* Resources */,
			);
			buildRules = (
			);
			dependencies = (
			);
			name = extension;
			productName = extension;
			productReference = FE8406DD1B19F26B009A9500 /* extension.appex */;
			productType = "com.apple.product-type.app-extension";
		};
/* End PBXNativeTarget section */

/* Begin PBXProject section */
		F58219241AAD48A800357355 /* Project object */ = {
			isa = PBXProject;
			attributes = {
				LastUpgradeCheck = 0610;
				ORGANIZATIONNAME = timecoco;
				TargetAttributes = {
					F582192B1AAD48A800357355 = {
						CreatedOnToolsVersion = 6.1.1;
						DevelopmentTeam = 5MZAKU9ACJ;
					};
					F58219441AAD48A800357355 = {
						CreatedOnToolsVersion = 6.1.1;
						TestTargetID = F582192B1AAD48A800357355;
					};
					FE8406DC1B19F26B009A9500 = {
						CreatedOnToolsVersion = 6.3.2;
						DevelopmentTeam = 5MZAKU9ACJ;
					};
				};
			};
			buildConfigurationList = F58219271AAD48A800357355 /* Build configuration list for PBXProject "timecoco" */;
			compatibilityVersion = "Xcode 3.2";
			developmentRegion = English;
			hasScannedForEncodings = 0;
			knownRegions = (
				en,
				Base,
				"zh-Hans",
				"zh-Hant",
				ja,
			);
			mainGroup = F58219231AAD48A800357355;
			productRefGroup = F582192D1AAD48A800357355 /* Products */;
			projectDirPath = "";
			projectRoot = "";
			targets = (
				F582192B1AAD48A800357355 /* timecoco */,
				F58219441AAD48A800357355 /* timecocoTests */,
				FE8406DC1B19F26B009A9500 /* extension */,
			);
		};
/* End PBXProject section */

/* Begin PBXResourcesBuildPhase section */
		F582192A1AAD48A800357355 /* Resources */ = {
			isa = PBXResourcesBuildPhase;
			buildActionMask = 2147483647;
			files = (
				F5DA7F9A1B4E61980052F724 /* NotoSansCJKsc-DemiLight.otf in Resources */,
				F58219401AAD48A800357355 /* LaunchScreen.xib in Resources */,
				FE4DB3311AC456FE0098156E /* InfoPlist.strings in Resources */,
				F582193D1AAD48A800357355 /* Images.xcassets in Resources */,
				FE1E78241AB51C7A000157B6 /* TCHomepageCell.xib in Resources */,
			);
			runOnlyForDeploymentPostprocessing = 0;
		};
		F58219431AAD48A800357355 /* Resources */ = {
			isa = PBXResourcesBuildPhase;
			buildActionMask = 2147483647;
			files = (
			);
			runOnlyForDeploymentPostprocessing = 0;
		};
		FE8406DB1B19F26B009A9500 /* Resources */ = {
			isa = PBXResourcesBuildPhase;
			buildActionMask = 2147483647;
			files = (
				FE8406E71B19F26B009A9500 /* MainInterface.storyboard in Resources */,
				FE8406F11B19F4A1009A9500 /* InfoPlist.strings in Resources */,
			);
			runOnlyForDeploymentPostprocessing = 0;
		};
/* End PBXResourcesBuildPhase section */

/* Begin PBXShellScriptBuildPhase section */
		328E54E9D3141BBB80D1634A /* Embed Pods Frameworks */ = {
			isa = PBXShellScriptBuildPhase;
			buildActionMask = 2147483647;
			files = (
			);
			inputPaths = (
			);
			name = "Embed Pods Frameworks";
			outputPaths = (
			);
			runOnlyForDeploymentPostprocessing = 0;
			shellPath = /bin/sh;
			shellScript = "\"${SRCROOT}/Pods/Target Support Files/Pods/Pods-frameworks.sh\"\n";
			showEnvVarsInLog = 0;
		};
		711A8143639E11EA7E6F9495 /* Check Pods Manifest.lock */ = {
			isa = PBXShellScriptBuildPhase;
			buildActionMask = 2147483647;
			files = (
			);
			inputPaths = (
			);
			name = "Check Pods Manifest.lock";
			outputPaths = (
			);
			runOnlyForDeploymentPostprocessing = 0;
			shellPath = /bin/sh;
			shellScript = "diff \"${PODS_ROOT}/../Podfile.lock\" \"${PODS_ROOT}/Manifest.lock\" > /dev/null\nif [[ $? != 0 ]] ; then\n    cat << EOM\nerror: The sandbox is not in sync with the Podfile.lock. Run 'pod install' or update your CocoaPods installation.\nEOM\n    exit 1\nfi\n";
			showEnvVarsInLog = 0;
		};
		BA6BD14627D09E634A0D0589 /* Copy Pods Resources */ = {
			isa = PBXShellScriptBuildPhase;
			buildActionMask = 2147483647;
			files = (
			);
			inputPaths = (
			);
			name = "Copy Pods Resources";
			outputPaths = (
			);
			runOnlyForDeploymentPostprocessing = 0;
			shellPath = /bin/sh;
			shellScript = "\"${SRCROOT}/Pods/Target Support Files/Pods/Pods-resources.sh\"\n";
			showEnvVarsInLog = 0;
		};
		FED6DA0C1B39B4D90015A5F4 /* ShellScript */ = {
			isa = PBXShellScriptBuildPhase;
			buildActionMask = 2147483647;
			files = (
			);
			inputPaths = (
			);
			outputPaths = (
			);
			runOnlyForDeploymentPostprocessing = 0;
			shellPath = /bin/sh;
			shellScript = "buildNumber=$(/usr/libexec/PlistBuddy -c \"Print :CFBundleVersion\" \"${PROJECT_DIR}/${INFOPLIST_FILE}\")\nshortVersion=$(/usr/libexec/PlistBuddy -c \"Print :CFBundleShortVersionString\" \"${PROJECT_DIR}/${INFOPLIST_FILE}\")\n\nbuildNumber=`echo $buildNumber | awk -F \".\" '{print $3}'`\nbuildNumber=$(($buildNumber + 1))\nbuildNumber=`echo $shortVersion | awk -F \".\" '{print $1 \".\" $2 \".'$buildNumber'\"}'`\n\n/usr/libexec/PlistBuddy -c \"Set :CFBundleVersion $buildNumber\" \"${PROJECT_DIR}/${INFOPLIST_FILE}\"";
		};
/* End PBXShellScriptBuildPhase section */

/* Begin PBXSourcesBuildPhase section */
		F58219281AAD48A800357355 /* Sources */ = {
			isa = PBXSourcesBuildPhase;
			buildActionMask = 2147483647;
			files = (
				F5D78D021B132B240006BA8A /* UIView+Frame.m in Sources */,
				FEC6CB471B526D3000F3BEC7 /* TCSearchVC.m in Sources */,
				FE1E78471AB54814000157B6 /* TCColorManager.m in Sources */,
				FE2EEA891B0E12660037C924 /* UIBarButtonItem+Custom.m in Sources */,
				FEA116971B510325008ACC10 /* TCProgressHUD.m in Sources */,
				F5BAEC9C1ABBBFBE0062167C /* TCEditorOptionView.m in Sources */,
				FE36DCBD1B0CDFAC00F65F2E /* TCTagSummaryVC.m in Sources */,
				FE2EEA8C1B0E2B000037C924 /* NSDateFormatter+Custom.m in Sources */,
				FE81CDA51AC63EC9001A033A /* NSArray+DairyIndex.m in Sources */,
				FEAD28431B57F8C1000B2EBD /* TCLanguageSettingVC.m in Sources */,
				F55A53931AB69781007AD020 /* TCFrameBorderView.m in Sources */,
				FE1F48DC1B50BD6C002F7CE4 /* TCDairyTable.m in Sources */,
				FE65CE5A1AD57DBB00C00637 /* TCSettingVC.m in Sources */,
				FE1E78231AB51C7A000157B6 /* TCHomepageCell.m in Sources */,
				FE62CDD01B50276A00099CD3 /* TCDairyManager.m in Sources */,
				FE1E78371AB53EF1000157B6 /* TCHomepageVC.m in Sources */,
				F58219351AAD48A800357355 /* AppDelegate.m in Sources */,
				F5E895BE1AB6C41000862723 /* TCUtility.m in Sources */,
				FEC6CB371B524B4000F3BEC7 /* TCTagSummaryCell.m in Sources */,
				FE78B83B1AB577FF0026241E /* TCDairyModel.m in Sources */,
				FEC6CB3F1B52520500F3BEC7 /* TCTagItemModel.m in Sources */,
				FE78B83F1AB57C750026241E /* TCDashLineView.m in Sources */,
				FE0387BD1ABE65F1007A3831 /* TCMenuVC.m in Sources */,
				FE78B8351AB56A5E0026241E /* TCDatabaseManager.m in Sources */,
				FE3883721AB71B16002C6817 /* TCHomepageHeader.m in Sources */,
				FED641101B581FAC0077B896 /* TCTouchLabel.m in Sources */,
				FE4572691AC1B14600CE4C7C /* UIImage+Extensions.m in Sources */,
				FEC6CB431B526B3400F3BEC7 /* TCSpecifiedDataVC.m in Sources */,
				FE1E783D1AB53FA5000157B6 /* TCEditorVC.m in Sources */,
				F58219321AAD48A800357355 /* main.m in Sources */,
				FEF785081B14BAD600DB4859 /* TCBackupVC.m in Sources */,
				F5D78CFE1B1328BD0006BA8A /* TCDairy+Manager.m in Sources */,
				FE3883751AB71B2B002C6817 /* TCHomepageFooter.m in Sources */,
				FE5238C51B569BED000C20FF /* TCSettingCell.m in Sources */,
			);
			runOnlyForDeploymentPostprocessing = 0;
		};
		F58219411AAD48A800357355 /* Sources */ = {
			isa = PBXSourcesBuildPhase;
			buildActionMask = 2147483647;
			files = (
				F582194C1AAD48A800357355 /* timecocoTests.m in Sources */,
			);
			runOnlyForDeploymentPostprocessing = 0;
		};
		FE8406D91B19F26B009A9500 /* Sources */ = {
			isa = PBXSourcesBuildPhase;
			buildActionMask = 2147483647;
			files = (
				FE8406E51B19F26B009A9500 /* TodayViewController.m in Sources */,
			);
			runOnlyForDeploymentPostprocessing = 0;
		};
/* End PBXSourcesBuildPhase section */

/* Begin PBXTargetDependency section */
		F58219471AAD48A800357355 /* PBXTargetDependency */ = {
			isa = PBXTargetDependency;
			target = F582192B1AAD48A800357355 /* timecoco */;
			targetProxy = F58219461AAD48A800357355 /* PBXContainerItemProxy */;
		};
		FE8406E91B19F26B009A9500 /* PBXTargetDependency */ = {
			isa = PBXTargetDependency;
			target = FE8406DC1B19F26B009A9500 /* extension */;
			targetProxy = FE8406E81B19F26B009A9500 /* PBXContainerItemProxy */;
		};
/* End PBXTargetDependency section */

/* Begin PBXVariantGroup section */
		F582193E1AAD48A800357355 /* LaunchScreen.xib */ = {
			isa = PBXVariantGroup;
			children = (
				F582193F1AAD48A800357355 /* Base */,
			);
			name = LaunchScreen.xib;
			sourceTree = "<group>";
		};
		FE4DB3331AC456FE0098156E /* InfoPlist.strings */ = {
			isa = PBXVariantGroup;
			children = (
				FE4DB3321AC456FE0098156E /* Base */,
				FE4DB3341AC457210098156E /* zh-Hans */,
				FE4DB3351AC4572D0098156E /* zh-Hant */,
				FE4DB3361AC457370098156E /* ja */,
			);
			name = InfoPlist.strings;
			sourceTree = "<group>";
		};
		FE8406F31B19F4A1009A9500 /* InfoPlist.strings */ = {
			isa = PBXVariantGroup;
			children = (
				FE8406F21B19F4A1009A9500 /* Base */,
				FE8406F51B19F4A9009A9500 /* zh-Hans */,
				FE8406F61B19F4AA009A9500 /* zh-Hant */,
				FE8406F71B19F4AB009A9500 /* ja */,
			);
			name = InfoPlist.strings;
			sourceTree = "<group>";
		};
/* End PBXVariantGroup section */

/* Begin XCBuildConfiguration section */
		F582194D1AAD48A800357355 /* Debug */ = {
			isa = XCBuildConfiguration;
			buildSettings = {
				ALWAYS_SEARCH_USER_PATHS = NO;
				CLANG_CXX_LANGUAGE_STANDARD = "gnu++0x";
				CLANG_CXX_LIBRARY = "libc++";
				CLANG_ENABLE_MODULES = YES;
				CLANG_ENABLE_OBJC_ARC = YES;
				CLANG_WARN_BOOL_CONVERSION = YES;
				CLANG_WARN_CONSTANT_CONVERSION = YES;
				CLANG_WARN_DIRECT_OBJC_ISA_USAGE = YES_ERROR;
				CLANG_WARN_EMPTY_BODY = YES;
				CLANG_WARN_ENUM_CONVERSION = YES;
				CLANG_WARN_INT_CONVERSION = YES;
				CLANG_WARN_OBJC_ROOT_CLASS = YES_ERROR;
				CLANG_WARN_UNREACHABLE_CODE = YES;
				CLANG_WARN__DUPLICATE_METHOD_MATCH = YES;
				"CODE_SIGN_IDENTITY[sdk=iphoneos*]" = "iPhone Developer";
				COPY_PHASE_STRIP = NO;
				ENABLE_STRICT_OBJC_MSGSEND = YES;
				GCC_C_LANGUAGE_STANDARD = gnu99;
				GCC_DYNAMIC_NO_PIC = NO;
				GCC_OPTIMIZATION_LEVEL = 0;
				GCC_PREPROCESSOR_DEFINITIONS = (
					"DEBUG=1",
					"$(inherited)",
				);
				GCC_SYMBOLS_PRIVATE_EXTERN = NO;
				GCC_WARN_64_TO_32_BIT_CONVERSION = YES;
				GCC_WARN_ABOUT_RETURN_TYPE = YES_ERROR;
				GCC_WARN_UNDECLARED_SELECTOR = YES;
				GCC_WARN_UNINITIALIZED_AUTOS = YES_AGGRESSIVE;
				GCC_WARN_UNUSED_FUNCTION = YES;
				GCC_WARN_UNUSED_VARIABLE = YES;
				IPHONEOS_DEPLOYMENT_TARGET = 8.0;
				MTL_ENABLE_DEBUG_INFO = YES;
				ONLY_ACTIVE_ARCH = YES;
				PROVISIONING_PROFILE = "";
				SDKROOT = iphoneos;
			};
			name = Debug;
		};
		F582194E1AAD48A800357355 /* Release */ = {
			isa = XCBuildConfiguration;
			buildSettings = {
				ALWAYS_SEARCH_USER_PATHS = NO;
				CLANG_CXX_LANGUAGE_STANDARD = "gnu++0x";
				CLANG_CXX_LIBRARY = "libc++";
				CLANG_ENABLE_MODULES = YES;
				CLANG_ENABLE_OBJC_ARC = YES;
				CLANG_WARN_BOOL_CONVERSION = YES;
				CLANG_WARN_CONSTANT_CONVERSION = YES;
				CLANG_WARN_DIRECT_OBJC_ISA_USAGE = YES_ERROR;
				CLANG_WARN_EMPTY_BODY = YES;
				CLANG_WARN_ENUM_CONVERSION = YES;
				CLANG_WARN_INT_CONVERSION = YES;
				CLANG_WARN_OBJC_ROOT_CLASS = YES_ERROR;
				CLANG_WARN_UNREACHABLE_CODE = YES;
				CLANG_WARN__DUPLICATE_METHOD_MATCH = YES;
				"CODE_SIGN_IDENTITY[sdk=iphoneos*]" = "iPhone Developer";
				COPY_PHASE_STRIP = YES;
				ENABLE_NS_ASSERTIONS = NO;
				ENABLE_STRICT_OBJC_MSGSEND = YES;
				GCC_C_LANGUAGE_STANDARD = gnu99;
				GCC_WARN_64_TO_32_BIT_CONVERSION = YES;
				GCC_WARN_ABOUT_RETURN_TYPE = YES_ERROR;
				GCC_WARN_UNDECLARED_SELECTOR = YES;
				GCC_WARN_UNINITIALIZED_AUTOS = YES_AGGRESSIVE;
				GCC_WARN_UNUSED_FUNCTION = YES;
				GCC_WARN_UNUSED_VARIABLE = YES;
				IPHONEOS_DEPLOYMENT_TARGET = 8.0;
				MTL_ENABLE_DEBUG_INFO = NO;
				PROVISIONING_PROFILE = "";
				SDKROOT = iphoneos;
				VALIDATE_PRODUCT = YES;
			};
			name = Release;
		};
		F58219501AAD48A800357355 /* Debug */ = {
			isa = XCBuildConfiguration;
			baseConfigurationReference = 78898387119EB02C5D9794B4 /* Pods.debug.xcconfig */;
			buildSettings = {
				ASSETCATALOG_COMPILER_APPICON_NAME = AppIcon;
				CODE_SIGN_IDENTITY = "iPhone Developer";
				"CODE_SIGN_IDENTITY[sdk=iphoneos*]" = "iPhone Developer";
				GCC_PREFIX_HEADER = "timecoco/timecoco-Prefix.pch";
				INFOPLIST_FILE = timecoco/Info.plist;
				IPHONEOS_DEPLOYMENT_TARGET = 8.0;
				LD_RUNPATH_SEARCH_PATHS = "$(inherited) @executable_path/Frameworks";
				PRODUCT_NAME = "$(TARGET_NAME)";
				PROVISIONING_PROFILE = "";
			};
			name = Debug;
		};
		F58219511AAD48A800357355 /* Release */ = {
			isa = XCBuildConfiguration;
			baseConfigurationReference = EBCC1FEE7FB7540F9994FB95 /* Pods.release.xcconfig */;
			buildSettings = {
				ASSETCATALOG_COMPILER_APPICON_NAME = AppIcon;
				CODE_SIGN_IDENTITY = "iPhone Developer";
				"CODE_SIGN_IDENTITY[sdk=iphoneos*]" = "iPhone Developer";
				GCC_PREFIX_HEADER = "timecoco/timecoco-Prefix.pch";
				INFOPLIST_FILE = timecoco/Info.plist;
				IPHONEOS_DEPLOYMENT_TARGET = 8.0;
				LD_RUNPATH_SEARCH_PATHS = "$(inherited) @executable_path/Frameworks";
				PRODUCT_NAME = "$(TARGET_NAME)";
				PROVISIONING_PROFILE = "";
			};
			name = Release;
		};
		F58219531AAD48A800357355 /* Debug */ = {
			isa = XCBuildConfiguration;
			buildSettings = {
				BUNDLE_LOADER = "$(TEST_HOST)";
				FRAMEWORK_SEARCH_PATHS = (
					"$(SDKROOT)/Developer/Library/Frameworks",
					"$(inherited)",
				);
				GCC_PREPROCESSOR_DEFINITIONS = (
					"DEBUG=1",
					"$(inherited)",
				);
				INFOPLIST_FILE = timecocoTests/Info.plist;
				LD_RUNPATH_SEARCH_PATHS = "$(inherited) @executable_path/Frameworks @loader_path/Frameworks";
				PRODUCT_NAME = "$(TARGET_NAME)";
				PROVISIONING_PROFILE = "";
				TEST_HOST = "$(BUILT_PRODUCTS_DIR)/timecoco.app/timecoco";
			};
			name = Debug;
		};
		F58219541AAD48A800357355 /* Release */ = {
			isa = XCBuildConfiguration;
			buildSettings = {
				BUNDLE_LOADER = "$(TEST_HOST)";
				FRAMEWORK_SEARCH_PATHS = (
					"$(SDKROOT)/Developer/Library/Frameworks",
					"$(inherited)",
				);
				INFOPLIST_FILE = timecocoTests/Info.plist;
				LD_RUNPATH_SEARCH_PATHS = "$(inherited) @executable_path/Frameworks @loader_path/Frameworks";
				PRODUCT_NAME = "$(TARGET_NAME)";
				PROVISIONING_PROFILE = "";
				TEST_HOST = "$(BUILT_PRODUCTS_DIR)/timecoco.app/timecoco";
			};
			name = Release;
		};
		FE8406EB1B19F26B009A9500 /* Debug */ = {
			isa = XCBuildConfiguration;
			buildSettings = {
				CODE_SIGN_IDENTITY = "iPhone Developer";
				"CODE_SIGN_IDENTITY[sdk=iphoneos*]" = "iPhone Developer";
				DEBUG_INFORMATION_FORMAT = "dwarf-with-dsym";
				GCC_NO_COMMON_BLOCKS = YES;
				GCC_PREPROCESSOR_DEFINITIONS = (
					"DEBUG=1",
					"$(inherited)",
				);
				INFOPLIST_FILE = extension/Info.plist;
				IPHONEOS_DEPLOYMENT_TARGET = 8.3;
				LD_RUNPATH_SEARCH_PATHS = "$(inherited) @executable_path/Frameworks @executable_path/../../Frameworks";
				PRODUCT_NAME = "$(TARGET_NAME)";
				PROVISIONING_PROFILE = "";
				SKIP_INSTALL = YES;
			};
			name = Debug;
		};
		FE8406EC1B19F26B009A9500 /* Release */ = {
			isa = XCBuildConfiguration;
			buildSettings = {
				CODE_SIGN_IDENTITY = "iPhone Developer";
				"CODE_SIGN_IDENTITY[sdk=iphoneos*]" = "iPhone Developer";
				COPY_PHASE_STRIP = NO;
				DEBUG_INFORMATION_FORMAT = "dwarf-with-dsym";
				GCC_NO_COMMON_BLOCKS = YES;
				INFOPLIST_FILE = extension/Info.plist;
				IPHONEOS_DEPLOYMENT_TARGET = 8.3;
				LD_RUNPATH_SEARCH_PATHS = "$(inherited) @executable_path/Frameworks @executable_path/../../Frameworks";
				PRODUCT_NAME = "$(TARGET_NAME)";
				PROVISIONING_PROFILE = "";
				SKIP_INSTALL = YES;
			};
			name = Release;
		};
/* End XCBuildConfiguration section */

/* Begin XCConfigurationList section */
		F58219271AAD48A800357355 /* Build configuration list for PBXProject "timecoco" */ = {
			isa = XCConfigurationList;
			buildConfigurations = (
				F582194D1AAD48A800357355 /* Debug */,
				F582194E1AAD48A800357355 /* Release */,
			);
			defaultConfigurationIsVisible = 0;
			defaultConfigurationName = Release;
		};
		F582194F1AAD48A800357355 /* Build configuration list for PBXNativeTarget "timecoco" */ = {
			isa = XCConfigurationList;
			buildConfigurations = (
				F58219501AAD48A800357355 /* Debug */,
				F58219511AAD48A800357355 /* Release */,
			);
			defaultConfigurationIsVisible = 0;
			defaultConfigurationName = Release;
		};
		F58219521AAD48A800357355 /* Build configuration list for PBXNativeTarget "timecocoTests" */ = {
			isa = XCConfigurationList;
			buildConfigurations = (
				F58219531AAD48A800357355 /* Debug */,
				F58219541AAD48A800357355 /* Release */,
			);
			defaultConfigurationIsVisible = 0;
			defaultConfigurationName = Release;
		};
		FE8406ED1B19F26B009A9500 /* Build configuration list for PBXNativeTarget "extension" */ = {
			isa = XCConfigurationList;
			buildConfigurations = (
				FE8406EB1B19F26B009A9500 /* Debug */,
				FE8406EC1B19F26B009A9500 /* Release */,
			);
			defaultConfigurationIsVisible = 0;
			defaultConfigurationName = Release;
		};
/* End XCConfigurationList section */
	};
	rootObject = F58219241AAD48A800357355 /* Project object */;
}
